// !$*UTF8*$!
{
	archiveVersion = 1;
	classes = {
	};
	objectVersion = 56;
	objects = {

/* Begin PBXBuildFile section */
		D63FA3FC2AAE992F00871FDE /* AppDelegate.swift in Sources */ = {isa = PBXBuildFile; fileRef = D63FA3FB2AAE992F00871FDE /* AppDelegate.swift */; };
		D63FA3FE2AAE992F00871FDE /* SceneDelegate.swift in Sources */ = {isa = PBXBuildFile; fileRef = D63FA3FD2AAE992F00871FDE /* SceneDelegate.swift */; };
		D63FA4002AAE992F00871FDE /* ViewController.swift in Sources */ = {isa = PBXBuildFile; fileRef = D63FA3FF2AAE992F00871FDE /* ViewController.swift */; };
		D63FA4032AAE992F00871FDE /* Main.storyboard in Resources */ = {isa = PBXBuildFile; fileRef = D63FA4012AAE992F00871FDE /* Main.storyboard */; };
		D63FA4052AAE993100871FDE /* Assets.xcassets in Resources */ = {isa = PBXBuildFile; fileRef = D63FA4042AAE993100871FDE /* Assets.xcassets */; };
		D63FA4082AAE993100871FDE /* LaunchScreen.storyboard in Resources */ = {isa = PBXBuildFile; fileRef = D63FA4062AAE993100871FDE /* LaunchScreen.storyboard */; };
		D63FA4172AAEAE2400871FDE /* Localizable.strings in Resources */ = {isa = PBXBuildFile; fileRef = D63FA4192AAEAE2400871FDE /* Localizable.strings */; };
		D63FA41D2AAEBAB800871FDE /* String+Extension.swift in Sources */ = {isa = PBXBuildFile; fileRef = D63FA41C2AAEBAB800871FDE /* String+Extension.swift */; };
		D63FA4202AAEBDD600871FDE /* InfoPlist.strings in Resources */ = {isa = PBXBuildFile; fileRef = D63FA4222AAEBDD600871FDE /* InfoPlist.strings */; };
		D6A25E8D2AB296FC00FB8FFE /* SimpleTableViewController.swift in Sources */ = {isa = PBXBuildFile; fileRef = D6A25E8C2AB296FC00FB8FFE /* SimpleTableViewController.swift */; };
		D6A25E8F2AB2A02800FB8FFE /* SimpleCollectionViewController.swift in Sources */ = {isa = PBXBuildFile; fileRef = D6A25E8E2AB2A02800FB8FFE /* SimpleCollectionViewController.swift */; };
		D6A25E952AB32BE400FB8FFE /* HomeViewController.swift in Sources */ = {isa = PBXBuildFile; fileRef = D6A25E942AB32BE400FB8FFE /* HomeViewController.swift */; };
		D6A25E982AB32C8C00FB8FFE /* Realm in Frameworks */ = {isa = PBXBuildFile; productRef = D6A25E972AB32C8C00FB8FFE /* Realm */; };
		D6A25E9A2AB32C8C00FB8FFE /* RealmSwift in Frameworks */ = {isa = PBXBuildFile; productRef = D6A25E992AB32C8C00FB8FFE /* RealmSwift */; };
		D6A25E9D2AB32EB500FB8FFE /* Kingfisher in Frameworks */ = {isa = PBXBuildFile; productRef = D6A25E9C2AB32EB500FB8FFE /* Kingfisher */; };
		D6A25EA02AB32EF500FB8FFE /* RealmModel.swift in Sources */ = {isa = PBXBuildFile; fileRef = D6A25E9F2AB32EF500FB8FFE /* RealmModel.swift */; };
		D6A25EA22AB32F3100FB8FFE /* RealmRepository.swift in Sources */ = {isa = PBXBuildFile; fileRef = D6A25EA12AB32F3100FB8FFE /* RealmRepository.swift */; };
		D6A25EA42AB333B800FB8FFE /* HomeViewModel.swift in Sources */ = {isa = PBXBuildFile; fileRef = D6A25EA32AB333B800FB8FFE /* HomeViewModel.swift */; };
		D6ACF2672AAFED5F00079CDA /* LoginViewController.swift in Sources */ = {isa = PBXBuildFile; fileRef = D6ACF2662AAFED5F00079CDA /* LoginViewController.swift */; };
		D6ACF2692AAFF2FA00079CDA /* Observable.swift in Sources */ = {isa = PBXBuildFile; fileRef = D6ACF2682AAFF2FA00079CDA /* Observable.swift */; };
		D6ACF26B2AAFFDF600079CDA /* SampleViewController.swift in Sources */ = {isa = PBXBuildFile; fileRef = D6ACF26A2AAFFDF600079CDA /* SampleViewController.swift */; };
		D6ACF26D2AB0015600079CDA /* SampleViewModel.swift in Sources */ = {isa = PBXBuildFile; fileRef = D6ACF26C2AB0015600079CDA /* SampleViewModel.swift */; };
		D6ACF26F2AB00E4000079CDA /* LoginViewModel.swift in Sources */ = {isa = PBXBuildFile; fileRef = D6ACF26E2AB00E4000079CDA /* LoginViewModel.swift */; };
		D6ACF2722AB02A4900079CDA /* Photo.swift in Sources */ = {isa = PBXBuildFile; fileRef = D6ACF2712AB02A4900079CDA /* Photo.swift */; };
		D6ACF2742AB02A6100079CDA /* APIService.swift in Sources */ = {isa = PBXBuildFile; fileRef = D6ACF2732AB02A6100079CDA /* APIService.swift */; };
		D6ACF2762AB02AA900079CDA /* .gitIgnore in Resources */ = {isa = PBXBuildFile; fileRef = D6ACF2752AB02AA900079CDA /* .gitIgnore */; };
		D6ACF2782AB02ABE00079CDA /* APIKey.swift in Sources */ = {isa = PBXBuildFile; fileRef = D6ACF2772AB02ABE00079CDA /* APIKey.swift */; };
		D6ACF27A2AB02B5B00079CDA /* PhotoViewController.swift in Sources */ = {isa = PBXBuildFile; fileRef = D6ACF2792AB02B5B00079CDA /* PhotoViewController.swift */; };
		D6ACF27C2AB02DAC00079CDA /* PhotoViewModel.swift in Sources */ = {isa = PBXBuildFile; fileRef = D6ACF27B2AB02DAC00079CDA /* PhotoViewModel.swift */; };
		D6ACF27F2AB0A34500079CDA /* NetflixLoginViewController.swift in Sources */ = {isa = PBXBuildFile; fileRef = D6ACF27E2AB0A34500079CDA /* NetflixLoginViewController.swift */; };
		D6ACF2822AB0A3D100079CDA /* SnapKit in Frameworks */ = {isa = PBXBuildFile; productRef = D6ACF2812AB0A3D100079CDA /* SnapKit */; };
		D6ACF2842AB0A6DE00079CDA /* GrayBackgroundTextField.swift in Sources */ = {isa = PBXBuildFile; fileRef = D6ACF2832AB0A6DE00079CDA /* GrayBackgroundTextField.swift */; };
		D6ACF2862AB0A6FE00079CDA /* WhiteBackgroundButton.swift in Sources */ = {isa = PBXBuildFile; fileRef = D6ACF2852AB0A6FE00079CDA /* WhiteBackgroundButton.swift */; };
		D6ACF2882AB0A80D00079CDA /* NetflixLoginView.swift in Sources */ = {isa = PBXBuildFile; fileRef = D6ACF2872AB0A80D00079CDA /* NetflixLoginView.swift */; };
		D6ACF28B2AB0A8D600079CDA /* BaseView.swift in Sources */ = {isa = PBXBuildFile; fileRef = D6ACF28A2AB0A8D600079CDA /* BaseView.swift */; };
		D6ACF28E2AB0B60D00079CDA /* NetflixLoginViewModel.swift in Sources */ = {isa = PBXBuildFile; fileRef = D6ACF28D2AB0B60D00079CDA /* NetflixLoginViewModel.swift */; };
		D6ACF2902AB0B64000079CDA /* NetflixUser.swift in Sources */ = {isa = PBXBuildFile; fileRef = D6ACF28F2AB0B64000079CDA /* NetflixUser.swift */; };
		D6ACF2932AB0BA4500079CDA /* TextFieldType.swift in Sources */ = {isa = PBXBuildFile; fileRef = D6ACF2922AB0BA4500079CDA /* TextFieldType.swift */; };
		D6ACF2962AB139DF00079CDA /* CalculateViewController.swift in Sources */ = {isa = PBXBuildFile; fileRef = D6ACF2952AB139DF00079CDA /* CalculateViewController.swift */; };
		D6ACF2982AB13AB200079CDA /* CalculateViewModel.swift in Sources */ = {isa = PBXBuildFile; fileRef = D6ACF2972AB13AB200079CDA /* CalculateViewModel.swift */; };
		D6ACF29A2AB13E0100079CDA /* sangnamObservable.swift in Sources */ = {isa = PBXBuildFile; fileRef = D6ACF2992AB13E0100079CDA /* sangnamObservable.swift */; };
		D6ACF29D2AB1ACC100079CDA /* LottoViewController.swift in Sources */ = {isa = PBXBuildFile; fileRef = D6ACF29C2AB1ACC100079CDA /* LottoViewController.swift */; };
		D6ACF29F2AB1AE6500079CDA /* LottoView.swift in Sources */ = {isa = PBXBuildFile; fileRef = D6ACF29E2AB1AE6400079CDA /* LottoView.swift */; };
		D6ACF2A12AB1AE7800079CDA /* LottoViewModel.swift in Sources */ = {isa = PBXBuildFile; fileRef = D6ACF2A02AB1AE7800079CDA /* LottoViewModel.swift */; };
		D6ACF2A32AB1B02B00079CDA /* LottoAPIManager.swift in Sources */ = {isa = PBXBuildFile; fileRef = D6ACF2A22AB1B02B00079CDA /* LottoAPIManager.swift */; };
		D6ACF2A52AB1B11300079CDA /* Lotto.swift in Sources */ = {isa = PBXBuildFile; fileRef = D6ACF2A42AB1B11300079CDA /* Lotto.swift */; };
/* End PBXBuildFile section */

/* Begin PBXFileReference section */
		D63FA3F82AAE992F00871FDE /* SeSAC3UnsplashProject.app */ = {isa = PBXFileReference; explicitFileType = wrapper.application; includeInIndex = 0; path = SeSAC3UnsplashProject.app; sourceTree = BUILT_PRODUCTS_DIR; };
		D63FA3FB2AAE992F00871FDE /* AppDelegate.swift */ = {isa = PBXFileReference; lastKnownFileType = sourcecode.swift; path = AppDelegate.swift; sourceTree = "<group>"; };
		D63FA3FD2AAE992F00871FDE /* SceneDelegate.swift */ = {isa = PBXFileReference; lastKnownFileType = sourcecode.swift; path = SceneDelegate.swift; sourceTree = "<group>"; };
		D63FA3FF2AAE992F00871FDE /* ViewController.swift */ = {isa = PBXFileReference; lastKnownFileType = sourcecode.swift; path = ViewController.swift; sourceTree = "<group>"; };
		D63FA4022AAE992F00871FDE /* Base */ = {isa = PBXFileReference; lastKnownFileType = file.storyboard; name = Base; path = Base.lproj/Main.storyboard; sourceTree = "<group>"; };
		D63FA4042AAE993100871FDE /* Assets.xcassets */ = {isa = PBXFileReference; lastKnownFileType = folder.assetcatalog; path = Assets.xcassets; sourceTree = "<group>"; };
		D63FA4072AAE993100871FDE /* Base */ = {isa = PBXFileReference; lastKnownFileType = file.storyboard; name = Base; path = Base.lproj/LaunchScreen.storyboard; sourceTree = "<group>"; };
		D63FA4092AAE993100871FDE /* Info.plist */ = {isa = PBXFileReference; lastKnownFileType = text.plist.xml; path = Info.plist; sourceTree = "<group>"; };
		D63FA40F2AAE9CAE00871FDE /* ko */ = {isa = PBXFileReference; lastKnownFileType = text.plist.strings; name = ko; path = ko.lproj/Main.strings; sourceTree = "<group>"; };
		D63FA4102AAE9CAE00871FDE /* ko */ = {isa = PBXFileReference; lastKnownFileType = text.plist.strings; name = ko; path = ko.lproj/LaunchScreen.strings; sourceTree = "<group>"; };
		D63FA4112AAE9CBC00871FDE /* ja */ = {isa = PBXFileReference; lastKnownFileType = text.plist.strings; name = ja; path = ja.lproj/Main.strings; sourceTree = "<group>"; };
		D63FA4122AAE9CBC00871FDE /* ja */ = {isa = PBXFileReference; lastKnownFileType = text.plist.strings; name = ja; path = ja.lproj/LaunchScreen.strings; sourceTree = "<group>"; };
		D63FA4142AAE9DBD00871FDE /* en */ = {isa = PBXFileReference; lastKnownFileType = text.plist.strings; name = en; path = en.lproj/Main.strings; sourceTree = "<group>"; };
		D63FA4182AAEAE2400871FDE /* en */ = {isa = PBXFileReference; lastKnownFileType = text.plist.strings; name = en; path = en.lproj/Localizable.strings; sourceTree = "<group>"; };
		D63FA41A2AAEAE2900871FDE /* ja */ = {isa = PBXFileReference; lastKnownFileType = text.plist.strings; name = ja; path = ja.lproj/Localizable.strings; sourceTree = "<group>"; };
		D63FA41B2AAEAE2900871FDE /* ko */ = {isa = PBXFileReference; lastKnownFileType = text.plist.strings; name = ko; path = ko.lproj/Localizable.strings; sourceTree = "<group>"; };
		D63FA41C2AAEBAB800871FDE /* String+Extension.swift */ = {isa = PBXFileReference; lastKnownFileType = sourcecode.swift; path = "String+Extension.swift"; sourceTree = "<group>"; };
		D63FA4212AAEBDD600871FDE /* en */ = {isa = PBXFileReference; lastKnownFileType = text.plist.strings; name = en; path = en.lproj/InfoPlist.strings; sourceTree = "<group>"; };
		D63FA4232AAEBDD800871FDE /* ja */ = {isa = PBXFileReference; lastKnownFileType = text.plist.strings; name = ja; path = ja.lproj/InfoPlist.strings; sourceTree = "<group>"; };
		D63FA4242AAEBDD900871FDE /* ko */ = {isa = PBXFileReference; lastKnownFileType = text.plist.strings; name = ko; path = ko.lproj/InfoPlist.strings; sourceTree = "<group>"; };
		D6A25E8C2AB296FC00FB8FFE /* SimpleTableViewController.swift */ = {isa = PBXFileReference; lastKnownFileType = sourcecode.swift; path = SimpleTableViewController.swift; sourceTree = "<group>"; };
		D6A25E8E2AB2A02800FB8FFE /* SimpleCollectionViewController.swift */ = {isa = PBXFileReference; lastKnownFileType = sourcecode.swift; path = SimpleCollectionViewController.swift; sourceTree = "<group>"; };
		D6A25E942AB32BE400FB8FFE /* HomeViewController.swift */ = {isa = PBXFileReference; lastKnownFileType = sourcecode.swift; path = HomeViewController.swift; sourceTree = "<group>"; };
		D6A25E9F2AB32EF500FB8FFE /* RealmModel.swift */ = {isa = PBXFileReference; lastKnownFileType = sourcecode.swift; path = RealmModel.swift; sourceTree = "<group>"; };
		D6A25EA12AB32F3100FB8FFE /* RealmRepository.swift */ = {isa = PBXFileReference; lastKnownFileType = sourcecode.swift; path = RealmRepository.swift; sourceTree = "<group>"; };
		D6A25EA32AB333B800FB8FFE /* HomeViewModel.swift */ = {isa = PBXFileReference; lastKnownFileType = sourcecode.swift; path = HomeViewModel.swift; sourceTree = "<group>"; };
		D6ACF2662AAFED5F00079CDA /* LoginViewController.swift */ = {isa = PBXFileReference; lastKnownFileType = sourcecode.swift; path = LoginViewController.swift; sourceTree = "<group>"; };
		D6ACF2682AAFF2FA00079CDA /* Observable.swift */ = {isa = PBXFileReference; lastKnownFileType = sourcecode.swift; path = Observable.swift; sourceTree = "<group>"; };
		D6ACF26A2AAFFDF600079CDA /* SampleViewController.swift */ = {isa = PBXFileReference; lastKnownFileType = sourcecode.swift; path = SampleViewController.swift; sourceTree = "<group>"; };
		D6ACF26C2AB0015600079CDA /* SampleViewModel.swift */ = {isa = PBXFileReference; lastKnownFileType = sourcecode.swift; path = SampleViewModel.swift; sourceTree = "<group>"; };
		D6ACF26E2AB00E4000079CDA /* LoginViewModel.swift */ = {isa = PBXFileReference; lastKnownFileType = sourcecode.swift; path = LoginViewModel.swift; sourceTree = "<group>"; };
		D6ACF2712AB02A4900079CDA /* Photo.swift */ = {isa = PBXFileReference; lastKnownFileType = sourcecode.swift; path = Photo.swift; sourceTree = "<group>"; };
		D6ACF2732AB02A6100079CDA /* APIService.swift */ = {isa = PBXFileReference; lastKnownFileType = sourcecode.swift; path = APIService.swift; sourceTree = "<group>"; };
		D6ACF2752AB02AA900079CDA /* .gitIgnore */ = {isa = PBXFileReference; lastKnownFileType = text; path = .gitIgnore; sourceTree = "<group>"; };
		D6ACF2772AB02ABE00079CDA /* APIKey.swift */ = {isa = PBXFileReference; lastKnownFileType = sourcecode.swift; path = APIKey.swift; sourceTree = "<group>"; };
		D6ACF2792AB02B5B00079CDA /* PhotoViewController.swift */ = {isa = PBXFileReference; lastKnownFileType = sourcecode.swift; path = PhotoViewController.swift; sourceTree = "<group>"; };
		D6ACF27B2AB02DAC00079CDA /* PhotoViewModel.swift */ = {isa = PBXFileReference; lastKnownFileType = sourcecode.swift; path = PhotoViewModel.swift; sourceTree = "<group>"; };
		D6ACF27E2AB0A34500079CDA /* NetflixLoginViewController.swift */ = {isa = PBXFileReference; lastKnownFileType = sourcecode.swift; path = NetflixLoginViewController.swift; sourceTree = "<group>"; };
		D6ACF2832AB0A6DE00079CDA /* GrayBackgroundTextField.swift */ = {isa = PBXFileReference; lastKnownFileType = sourcecode.swift; path = GrayBackgroundTextField.swift; sourceTree = "<group>"; };
		D6ACF2852AB0A6FE00079CDA /* WhiteBackgroundButton.swift */ = {isa = PBXFileReference; lastKnownFileType = sourcecode.swift; path = WhiteBackgroundButton.swift; sourceTree = "<group>"; };
		D6ACF2872AB0A80D00079CDA /* NetflixLoginView.swift */ = {isa = PBXFileReference; lastKnownFileType = sourcecode.swift; path = NetflixLoginView.swift; sourceTree = "<group>"; };
		D6ACF28A2AB0A8D600079CDA /* BaseView.swift */ = {isa = PBXFileReference; lastKnownFileType = sourcecode.swift; path = BaseView.swift; sourceTree = "<group>"; };
		D6ACF28D2AB0B60D00079CDA /* NetflixLoginViewModel.swift */ = {isa = PBXFileReference; lastKnownFileType = sourcecode.swift; path = NetflixLoginViewModel.swift; sourceTree = "<group>"; };
		D6ACF28F2AB0B64000079CDA /* NetflixUser.swift */ = {isa = PBXFileReference; lastKnownFileType = sourcecode.swift; path = NetflixUser.swift; sourceTree = "<group>"; };
		D6ACF2922AB0BA4500079CDA /* TextFieldType.swift */ = {isa = PBXFileReference; lastKnownFileType = sourcecode.swift; path = TextFieldType.swift; sourceTree = "<group>"; };
		D6ACF2952AB139DF00079CDA /* CalculateViewController.swift */ = {isa = PBXFileReference; lastKnownFileType = sourcecode.swift; path = CalculateViewController.swift; sourceTree = "<group>"; };
		D6ACF2972AB13AB200079CDA /* CalculateViewModel.swift */ = {isa = PBXFileReference; lastKnownFileType = sourcecode.swift; path = CalculateViewModel.swift; sourceTree = "<group>"; };
		D6ACF2992AB13E0100079CDA /* sangnamObservable.swift */ = {isa = PBXFileReference; lastKnownFileType = sourcecode.swift; path = sangnamObservable.swift; sourceTree = "<group>"; };
		D6ACF29C2AB1ACC100079CDA /* LottoViewController.swift */ = {isa = PBXFileReference; lastKnownFileType = sourcecode.swift; path = LottoViewController.swift; sourceTree = "<group>"; };
		D6ACF29E2AB1AE6400079CDA /* LottoView.swift */ = {isa = PBXFileReference; lastKnownFileType = sourcecode.swift; path = LottoView.swift; sourceTree = "<group>"; };
		D6ACF2A02AB1AE7800079CDA /* LottoViewModel.swift */ = {isa = PBXFileReference; lastKnownFileType = sourcecode.swift; path = LottoViewModel.swift; sourceTree = "<group>"; };
		D6ACF2A22AB1B02B00079CDA /* LottoAPIManager.swift */ = {isa = PBXFileReference; lastKnownFileType = sourcecode.swift; path = LottoAPIManager.swift; sourceTree = "<group>"; };
		D6ACF2A42AB1B11300079CDA /* Lotto.swift */ = {isa = PBXFileReference; lastKnownFileType = sourcecode.swift; path = Lotto.swift; sourceTree = "<group>"; };
/* End PBXFileReference section */

/* Begin PBXFrameworksBuildPhase section */
		D63FA3F52AAE992F00871FDE /* Frameworks */ = {
			isa = PBXFrameworksBuildPhase;
			buildActionMask = 2147483647;
			files = (
				D6A25E9D2AB32EB500FB8FFE /* Kingfisher in Frameworks */,
				D6A25E9A2AB32C8C00FB8FFE /* RealmSwift in Frameworks */,
				D6A25E982AB32C8C00FB8FFE /* Realm in Frameworks */,
				D6ACF2822AB0A3D100079CDA /* SnapKit in Frameworks */,
			);
			runOnlyForDeploymentPostprocessing = 0;
		};
/* End PBXFrameworksBuildPhase section */

/* Begin PBXGroup section */
		D63FA3EF2AAE992F00871FDE = {
			isa = PBXGroup;
			children = (
				D63FA3FA2AAE992F00871FDE /* SeSAC3UnsplashProject */,
				D63FA3F92AAE992F00871FDE /* Products */,
			);
			sourceTree = "<group>";
		};
		D63FA3F92AAE992F00871FDE /* Products */ = {
			isa = PBXGroup;
			children = (
				D63FA3F82AAE992F00871FDE /* SeSAC3UnsplashProject.app */,
			);
			name = Products;
			sourceTree = "<group>";
		};
		D63FA3FA2AAE992F00871FDE /* SeSAC3UnsplashProject */ = {
			isa = PBXGroup;
			children = (
				D6A25EA62AB3345200FB8FFE /* Helper */,
				D6A25EA52AB333C600FB8FFE /* NetWork */,
				D6A25E9E2AB32ED100FB8FFE /* Realm */,
				D6A25E8B2AB296EA00FB8FFE /* New */,
				D6ACF29B2AB1ACAD00079CDA /* Lotto */,
				D6ACF2942AB139C100079CDA /* Calculate */,
				D6ACF2892AB0A8C300079CDA /* Base */,
				D6ACF27D2AB0A2DC00079CDA /* LoginNetflix */,
				D6ACF2702AB02A3F00079CDA /* Photo */,
				D6ACF2652AAFED4300079CDA /* Login */,
				D63FA3FB2AAE992F00871FDE /* AppDelegate.swift */,
				D63FA3FD2AAE992F00871FDE /* SceneDelegate.swift */,
				D63FA3FF2AAE992F00871FDE /* ViewController.swift */,
				D63FA4192AAEAE2400871FDE /* Localizable.strings */,
				D63FA4012AAE992F00871FDE /* Main.storyboard */,
				D63FA4042AAE993100871FDE /* Assets.xcassets */,
				D63FA4062AAE993100871FDE /* LaunchScreen.storyboard */,
				D63FA4092AAE993100871FDE /* Info.plist */,
				D63FA41C2AAEBAB800871FDE /* String+Extension.swift */,
				D63FA4222AAEBDD600871FDE /* InfoPlist.strings */,
				D6ACF2752AB02AA900079CDA /* .gitIgnore */,
				D6ACF2772AB02ABE00079CDA /* APIKey.swift */,
			);
			path = SeSAC3UnsplashProject;
			sourceTree = "<group>";
		};
		D6A25E8B2AB296EA00FB8FFE /* New */ = {
			isa = PBXGroup;
			children = (
				D6A25E932AB32BD200FB8FFE /* Home */,
				D6A25E922AB32BB400FB8FFE /* NewListConfiguration */,
			);
			path = New;
			sourceTree = "<group>";
		};
		D6A25E922AB32BB400FB8FFE /* NewListConfiguration */ = {
			isa = PBXGroup;
			children = (
				D6A25E8C2AB296FC00FB8FFE /* SimpleTableViewController.swift */,
				D6A25E8E2AB2A02800FB8FFE /* SimpleCollectionViewController.swift */,
			);
			path = NewListConfiguration;
			sourceTree = "<group>";
		};
		D6A25E932AB32BD200FB8FFE /* Home */ = {
			isa = PBXGroup;
			children = (
				D6A25E942AB32BE400FB8FFE /* HomeViewController.swift */,
				D6A25EA32AB333B800FB8FFE /* HomeViewModel.swift */,
			);
			path = Home;
			sourceTree = "<group>";
		};
		D6A25E9E2AB32ED100FB8FFE /* Realm */ = {
			isa = PBXGroup;
			children = (
				D6A25E9F2AB32EF500FB8FFE /* RealmModel.swift */,
				D6A25EA12AB32F3100FB8FFE /* RealmRepository.swift */,
			);
			path = Realm;
			sourceTree = "<group>";
		};
		D6A25EA52AB333C600FB8FFE /* NetWork */ = {
			isa = PBXGroup;
			children = (
				D6ACF2732AB02A6100079CDA /* APIService.swift */,
			);
			path = NetWork;
			sourceTree = "<group>";
		};
		D6A25EA62AB3345200FB8FFE /* Helper */ = {
			isa = PBXGroup;
			children = (
				D6ACF2682AAFF2FA00079CDA /* Observable.swift */,
			);
			path = Helper;
			sourceTree = "<group>";
		};
		D6ACF2652AAFED4300079CDA /* Login */ = {
			isa = PBXGroup;
			children = (
				D6ACF2662AAFED5F00079CDA /* LoginViewController.swift */,
				D6ACF26E2AB00E4000079CDA /* LoginViewModel.swift */,
				D6ACF26A2AAFFDF600079CDA /* SampleViewController.swift */,
				D6ACF26C2AB0015600079CDA /* SampleViewModel.swift */,
			);
			path = Login;
			sourceTree = "<group>";
		};
		D6ACF2702AB02A3F00079CDA /* Photo */ = {
			isa = PBXGroup;
			children = (
				D6ACF2712AB02A4900079CDA /* Photo.swift */,
				D6ACF2792AB02B5B00079CDA /* PhotoViewController.swift */,
				D6ACF27B2AB02DAC00079CDA /* PhotoViewModel.swift */,
			);
			path = Photo;
			sourceTree = "<group>";
		};
		D6ACF27D2AB0A2DC00079CDA /* LoginNetflix */ = {
			isa = PBXGroup;
			children = (
				D6ACF2912AB0BA3100079CDA /* Enum */,
				D6ACF28C2AB0B56C00079CDA /* Custom */,
				D6ACF28F2AB0B64000079CDA /* NetflixUser.swift */,
				D6ACF27E2AB0A34500079CDA /* NetflixLoginViewController.swift */,
				D6ACF2872AB0A80D00079CDA /* NetflixLoginView.swift */,
				D6ACF28D2AB0B60D00079CDA /* NetflixLoginViewModel.swift */,
			);
			path = LoginNetflix;
			sourceTree = "<group>";
		};
		D6ACF2892AB0A8C300079CDA /* Base */ = {
			isa = PBXGroup;
			children = (
				D6ACF28A2AB0A8D600079CDA /* BaseView.swift */,
			);
			path = Base;
			sourceTree = "<group>";
		};
		D6ACF28C2AB0B56C00079CDA /* Custom */ = {
			isa = PBXGroup;
			children = (
				D6ACF2832AB0A6DE00079CDA /* GrayBackgroundTextField.swift */,
				D6ACF2852AB0A6FE00079CDA /* WhiteBackgroundButton.swift */,
			);
			path = Custom;
			sourceTree = "<group>";
		};
		D6ACF2912AB0BA3100079CDA /* Enum */ = {
			isa = PBXGroup;
			children = (
				D6ACF2922AB0BA4500079CDA /* TextFieldType.swift */,
			);
			path = Enum;
			sourceTree = "<group>";
		};
		D6ACF2942AB139C100079CDA /* Calculate */ = {
			isa = PBXGroup;
			children = (
				D6ACF2952AB139DF00079CDA /* CalculateViewController.swift */,
				D6ACF2972AB13AB200079CDA /* CalculateViewModel.swift */,
				D6ACF2992AB13E0100079CDA /* sangnamObservable.swift */,
			);
			path = Calculate;
			sourceTree = "<group>";
		};
		D6ACF29B2AB1ACAD00079CDA /* Lotto */ = {
			isa = PBXGroup;
			children = (
				D6ACF29C2AB1ACC100079CDA /* LottoViewController.swift */,
				D6ACF29E2AB1AE6400079CDA /* LottoView.swift */,
				D6ACF2A02AB1AE7800079CDA /* LottoViewModel.swift */,
				D6ACF2A22AB1B02B00079CDA /* LottoAPIManager.swift */,
				D6ACF2A42AB1B11300079CDA /* Lotto.swift */,
			);
			path = Lotto;
			sourceTree = "<group>";
		};
/* End PBXGroup section */

/* Begin PBXNativeTarget section */
		D63FA3F72AAE992F00871FDE /* SeSAC3UnsplashProject */ = {
			isa = PBXNativeTarget;
			buildConfigurationList = D63FA40C2AAE993100871FDE /* Build configuration list for PBXNativeTarget "SeSAC3UnsplashProject" */;
			buildPhases = (
				D63FA3F42AAE992F00871FDE /* Sources */,
				D63FA3F52AAE992F00871FDE /* Frameworks */,
				D63FA3F62AAE992F00871FDE /* Resources */,
			);
			buildRules = (
			);
			dependencies = (
			);
			name = SeSAC3UnsplashProject;
			packageProductDependencies = (
				D6ACF2812AB0A3D100079CDA /* SnapKit */,
				D6A25E972AB32C8C00FB8FFE /* Realm */,
				D6A25E992AB32C8C00FB8FFE /* RealmSwift */,
				D6A25E9C2AB32EB500FB8FFE /* Kingfisher */,
			);
			productName = SeSAC3UnsplashProject;
			productReference = D63FA3F82AAE992F00871FDE /* SeSAC3UnsplashProject.app */;
			productType = "com.apple.product-type.application";
		};
/* End PBXNativeTarget section */

/* Begin PBXProject section */
		D63FA3F02AAE992F00871FDE /* Project object */ = {
			isa = PBXProject;
			attributes = {
				BuildIndependentTargetsInParallel = 1;
				LastSwiftUpdateCheck = 1430;
				LastUpgradeCheck = 1430;
				TargetAttributes = {
					D63FA3F72AAE992F00871FDE = {
						CreatedOnToolsVersion = 14.3.1;
					};
				};
			};
			buildConfigurationList = D63FA3F32AAE992F00871FDE /* Build configuration list for PBXProject "SeSAC3UnsplashProject" */;
			compatibilityVersion = "Xcode 14.0";
			developmentRegion = en;
			hasScannedForEncodings = 0;
			knownRegions = (
				en,
				Base,
				ko,
				ja,
			);
			mainGroup = D63FA3EF2AAE992F00871FDE;
			packageReferences = (
				D6ACF2802AB0A3D100079CDA /* XCRemoteSwiftPackageReference "SnapKit" */,
				D6A25E962AB32C8C00FB8FFE /* XCRemoteSwiftPackageReference "realm-swift" */,
				D6A25E9B2AB32EB500FB8FFE /* XCRemoteSwiftPackageReference "Kingfisher" */,
			);
			productRefGroup = D63FA3F92AAE992F00871FDE /* Products */;
			projectDirPath = "";
			projectRoot = "";
			targets = (
				D63FA3F72AAE992F00871FDE /* SeSAC3UnsplashProject */,
			);
		};
/* End PBXProject section */

/* Begin PBXResourcesBuildPhase section */
		D63FA3F62AAE992F00871FDE /* Resources */ = {
			isa = PBXResourcesBuildPhase;
			buildActionMask = 2147483647;
			files = (
				D63FA4082AAE993100871FDE /* LaunchScreen.storyboard in Resources */,
				D63FA4172AAEAE2400871FDE /* Localizable.strings in Resources */,
				D6ACF2762AB02AA900079CDA /* .gitIgnore in Resources */,
				D63FA4052AAE993100871FDE /* Assets.xcassets in Resources */,
				D63FA4032AAE992F00871FDE /* Main.storyboard in Resources */,
				D63FA4202AAEBDD600871FDE /* InfoPlist.strings in Resources */,
			);
			runOnlyForDeploymentPostprocessing = 0;
		};
/* End PBXResourcesBuildPhase section */

/* Begin PBXSourcesBuildPhase section */
		D63FA3F42AAE992F00871FDE /* Sources */ = {
			isa = PBXSourcesBuildPhase;
			buildActionMask = 2147483647;
			files = (
				D63FA41D2AAEBAB800871FDE /* String+Extension.swift in Sources */,
				D6ACF2A12AB1AE7800079CDA /* LottoViewModel.swift in Sources */,
				D6ACF2902AB0B64000079CDA /* NetflixUser.swift in Sources */,
				D63FA4002AAE992F00871FDE /* ViewController.swift in Sources */,
				D6ACF2A32AB1B02B00079CDA /* LottoAPIManager.swift in Sources */,
				D63FA3FC2AAE992F00871FDE /* AppDelegate.swift in Sources */,
				D6ACF2A52AB1B11300079CDA /* Lotto.swift in Sources */,
				D6ACF2862AB0A6FE00079CDA /* WhiteBackgroundButton.swift in Sources */,
				D6ACF2672AAFED5F00079CDA /* LoginViewController.swift in Sources */,
				D6ACF28E2AB0B60D00079CDA /* NetflixLoginViewModel.swift in Sources */,
				D6ACF2842AB0A6DE00079CDA /* GrayBackgroundTextField.swift in Sources */,
				D6ACF2742AB02A6100079CDA /* APIService.swift in Sources */,
				D6ACF2932AB0BA4500079CDA /* TextFieldType.swift in Sources */,
				D6ACF2722AB02A4900079CDA /* Photo.swift in Sources */,
				D6ACF29D2AB1ACC100079CDA /* LottoViewController.swift in Sources */,
				D6ACF2692AAFF2FA00079CDA /* Observable.swift in Sources */,
				D6ACF2882AB0A80D00079CDA /* NetflixLoginView.swift in Sources */,
				D6ACF29F2AB1AE6500079CDA /* LottoView.swift in Sources */,
				D6ACF2982AB13AB200079CDA /* CalculateViewModel.swift in Sources */,
				D6A25EA42AB333B800FB8FFE /* HomeViewModel.swift in Sources */,
				D6A25E8D2AB296FC00FB8FFE /* SimpleTableViewController.swift in Sources */,
				D6A25E8F2AB2A02800FB8FFE /* SimpleCollectionViewController.swift in Sources */,
				D63FA3FE2AAE992F00871FDE /* SceneDelegate.swift in Sources */,
				D6ACF26D2AB0015600079CDA /* SampleViewModel.swift in Sources */,
				D6ACF27C2AB02DAC00079CDA /* PhotoViewModel.swift in Sources */,
				D6ACF26B2AAFFDF600079CDA /* SampleViewController.swift in Sources */,
				D6A25EA22AB32F3100FB8FFE /* RealmRepository.swift in Sources */,
				D6ACF29A2AB13E0100079CDA /* sangnamObservable.swift in Sources */,
				D6ACF2782AB02ABE00079CDA /* APIKey.swift in Sources */,
				D6ACF27F2AB0A34500079CDA /* NetflixLoginViewController.swift in Sources */,
				D6ACF2962AB139DF00079CDA /* CalculateViewController.swift in Sources */,
				D6A25EA02AB32EF500FB8FFE /* RealmModel.swift in Sources */,
				D6A25E952AB32BE400FB8FFE /* HomeViewController.swift in Sources */,
				D6ACF28B2AB0A8D600079CDA /* BaseView.swift in Sources */,
				D6ACF26F2AB00E4000079CDA /* LoginViewModel.swift in Sources */,
				D6ACF27A2AB02B5B00079CDA /* PhotoViewController.swift in Sources */,
			);
			runOnlyForDeploymentPostprocessing = 0;
		};
/* End PBXSourcesBuildPhase section */

/* Begin PBXVariantGroup section */
		D63FA4012AAE992F00871FDE /* Main.storyboard */ = {
			isa = PBXVariantGroup;
			children = (
				D63FA4022AAE992F00871FDE /* Base */,
				D63FA40F2AAE9CAE00871FDE /* ko */,
				D63FA4112AAE9CBC00871FDE /* ja */,
				D63FA4142AAE9DBD00871FDE /* en */,
			);
			name = Main.storyboard;
			sourceTree = "<group>";
		};
		D63FA4062AAE993100871FDE /* LaunchScreen.storyboard */ = {
			isa = PBXVariantGroup;
			children = (
				D63FA4072AAE993100871FDE /* Base */,
				D63FA4102AAE9CAE00871FDE /* ko */,
				D63FA4122AAE9CBC00871FDE /* ja */,
			);
			name = LaunchScreen.storyboard;
			sourceTree = "<group>";
		};
		D63FA4192AAEAE2400871FDE /* Localizable.strings */ = {
			isa = PBXVariantGroup;
			children = (
				D63FA4182AAEAE2400871FDE /* en */,
				D63FA41A2AAEAE2900871FDE /* ja */,
				D63FA41B2AAEAE2900871FDE /* ko */,
			);
			name = Localizable.strings;
			sourceTree = "<group>";
		};
		D63FA4222AAEBDD600871FDE /* InfoPlist.strings */ = {
			isa = PBXVariantGroup;
			children = (
				D63FA4212AAEBDD600871FDE /* en */,
				D63FA4232AAEBDD800871FDE /* ja */,
				D63FA4242AAEBDD900871FDE /* ko */,
			);
			name = InfoPlist.strings;
			sourceTree = "<group>";
		};
/* End PBXVariantGroup section */

/* Begin XCBuildConfiguration section */
		D63FA40A2AAE993100871FDE /* Debug */ = {
			isa = XCBuildConfiguration;
			buildSettings = {
				ALWAYS_SEARCH_USER_PATHS = NO;
				CLANG_ANALYZER_LOCALIZABILITY_NONLOCALIZED = YES;
				CLANG_ANALYZER_NONNULL = YES;
				CLANG_ANALYZER_NUMBER_OBJECT_CONVERSION = YES_AGGRESSIVE;
				CLANG_CXX_LANGUAGE_STANDARD = "gnu++20";
				CLANG_ENABLE_MODULES = YES;
				CLANG_ENABLE_OBJC_ARC = YES;
				CLANG_ENABLE_OBJC_WEAK = YES;
				CLANG_WARN_BLOCK_CAPTURE_AUTORELEASING = YES;
				CLANG_WARN_BOOL_CONVERSION = YES;
				CLANG_WARN_COMMA = YES;
				CLANG_WARN_CONSTANT_CONVERSION = YES;
				CLANG_WARN_DEPRECATED_OBJC_IMPLEMENTATIONS = YES;
				CLANG_WARN_DIRECT_OBJC_ISA_USAGE = YES_ERROR;
				CLANG_WARN_DOCUMENTATION_COMMENTS = YES;
				CLANG_WARN_EMPTY_BODY = YES;
				CLANG_WARN_ENUM_CONVERSION = YES;
				CLANG_WARN_INFINITE_RECURSION = YES;
				CLANG_WARN_INT_CONVERSION = YES;
				CLANG_WARN_NON_LITERAL_NULL_CONVERSION = YES;
				CLANG_WARN_OBJC_IMPLICIT_RETAIN_SELF = YES;
				CLANG_WARN_OBJC_LITERAL_CONVERSION = YES;
				CLANG_WARN_OBJC_ROOT_CLASS = YES_ERROR;
				CLANG_WARN_QUOTED_INCLUDE_IN_FRAMEWORK_HEADER = YES;
				CLANG_WARN_RANGE_LOOP_ANALYSIS = YES;
				CLANG_WARN_STRICT_PROTOTYPES = YES;
				CLANG_WARN_SUSPICIOUS_MOVE = YES;
				CLANG_WARN_UNGUARDED_AVAILABILITY = YES_AGGRESSIVE;
				CLANG_WARN_UNREACHABLE_CODE = YES;
				CLANG_WARN__DUPLICATE_METHOD_MATCH = YES;
				COPY_PHASE_STRIP = NO;
				DEBUG_INFORMATION_FORMAT = dwarf;
				ENABLE_STRICT_OBJC_MSGSEND = YES;
				ENABLE_TESTABILITY = YES;
				GCC_C_LANGUAGE_STANDARD = gnu11;
				GCC_DYNAMIC_NO_PIC = NO;
				GCC_NO_COMMON_BLOCKS = YES;
				GCC_OPTIMIZATION_LEVEL = 0;
				GCC_PREPROCESSOR_DEFINITIONS = (
					"DEBUG=1",
					"$(inherited)",
				);
				GCC_WARN_64_TO_32_BIT_CONVERSION = YES;
				GCC_WARN_ABOUT_RETURN_TYPE = YES_ERROR;
				GCC_WARN_UNDECLARED_SELECTOR = YES;
				GCC_WARN_UNINITIALIZED_AUTOS = YES_AGGRESSIVE;
				GCC_WARN_UNUSED_FUNCTION = YES;
				GCC_WARN_UNUSED_VARIABLE = YES;
				IPHONEOS_DEPLOYMENT_TARGET = 16.4;
				MTL_ENABLE_DEBUG_INFO = INCLUDE_SOURCE;
				MTL_FAST_MATH = YES;
				ONLY_ACTIVE_ARCH = YES;
				SDKROOT = iphoneos;
				SWIFT_ACTIVE_COMPILATION_CONDITIONS = DEBUG;
				SWIFT_OPTIMIZATION_LEVEL = "-Onone";
			};
			name = Debug;
		};
		D63FA40B2AAE993100871FDE /* Release */ = {
			isa = XCBuildConfiguration;
			buildSettings = {
				ALWAYS_SEARCH_USER_PATHS = NO;
				CLANG_ANALYZER_LOCALIZABILITY_NONLOCALIZED = YES;
				CLANG_ANALYZER_NONNULL = YES;
				CLANG_ANALYZER_NUMBER_OBJECT_CONVERSION = YES_AGGRESSIVE;
				CLANG_CXX_LANGUAGE_STANDARD = "gnu++20";
				CLANG_ENABLE_MODULES = YES;
				CLANG_ENABLE_OBJC_ARC = YES;
				CLANG_ENABLE_OBJC_WEAK = YES;
				CLANG_WARN_BLOCK_CAPTURE_AUTORELEASING = YES;
				CLANG_WARN_BOOL_CONVERSION = YES;
				CLANG_WARN_COMMA = YES;
				CLANG_WARN_CONSTANT_CONVERSION = YES;
				CLANG_WARN_DEPRECATED_OBJC_IMPLEMENTATIONS = YES;
				CLANG_WARN_DIRECT_OBJC_ISA_USAGE = YES_ERROR;
				CLANG_WARN_DOCUMENTATION_COMMENTS = YES;
				CLANG_WARN_EMPTY_BODY = YES;
				CLANG_WARN_ENUM_CONVERSION = YES;
				CLANG_WARN_INFINITE_RECURSION = YES;
				CLANG_WARN_INT_CONVERSION = YES;
				CLANG_WARN_NON_LITERAL_NULL_CONVERSION = YES;
				CLANG_WARN_OBJC_IMPLICIT_RETAIN_SELF = YES;
				CLANG_WARN_OBJC_LITERAL_CONVERSION = YES;
				CLANG_WARN_OBJC_ROOT_CLASS = YES_ERROR;
				CLANG_WARN_QUOTED_INCLUDE_IN_FRAMEWORK_HEADER = YES;
				CLANG_WARN_RANGE_LOOP_ANALYSIS = YES;
				CLANG_WARN_STRICT_PROTOTYPES = YES;
				CLANG_WARN_SUSPICIOUS_MOVE = YES;
				CLANG_WARN_UNGUARDED_AVAILABILITY = YES_AGGRESSIVE;
				CLANG_WARN_UNREACHABLE_CODE = YES;
				CLANG_WARN__DUPLICATE_METHOD_MATCH = YES;
				COPY_PHASE_STRIP = NO;
				DEBUG_INFORMATION_FORMAT = "dwarf-with-dsym";
				ENABLE_NS_ASSERTIONS = NO;
				ENABLE_STRICT_OBJC_MSGSEND = YES;
				GCC_C_LANGUAGE_STANDARD = gnu11;
				GCC_NO_COMMON_BLOCKS = YES;
				GCC_WARN_64_TO_32_BIT_CONVERSION = YES;
				GCC_WARN_ABOUT_RETURN_TYPE = YES_ERROR;
				GCC_WARN_UNDECLARED_SELECTOR = YES;
				GCC_WARN_UNINITIALIZED_AUTOS = YES_AGGRESSIVE;
				GCC_WARN_UNUSED_FUNCTION = YES;
				GCC_WARN_UNUSED_VARIABLE = YES;
				IPHONEOS_DEPLOYMENT_TARGET = 16.4;
				MTL_ENABLE_DEBUG_INFO = NO;
				MTL_FAST_MATH = YES;
				SDKROOT = iphoneos;
				SWIFT_COMPILATION_MODE = wholemodule;
				SWIFT_OPTIMIZATION_LEVEL = "-O";
				VALIDATE_PRODUCT = YES;
			};
			name = Release;
		};
		D63FA40D2AAE993100871FDE /* Debug */ = {
			isa = XCBuildConfiguration;
			buildSettings = {
				ASSETCATALOG_COMPILER_APPICON_NAME = AppIcon;
				ASSETCATALOG_COMPILER_GLOBAL_ACCENT_COLOR_NAME = AccentColor;
				CODE_SIGN_STYLE = Automatic;
				CURRENT_PROJECT_VERSION = 1;
				DEVELOPMENT_TEAM = Y7C6A3W353;
				GENERATE_INFOPLIST_FILE = YES;
				INFOPLIST_FILE = SeSAC3UnsplashProject/Info.plist;
				INFOPLIST_KEY_UIApplicationSupportsIndirectInputEvents = YES;
				INFOPLIST_KEY_UILaunchStoryboardName = LaunchScreen;
				INFOPLIST_KEY_UIMainStoryboardFile = Main;
				INFOPLIST_KEY_UISupportedInterfaceOrientations_iPad = "UIInterfaceOrientationPortrait UIInterfaceOrientationPortraitUpsideDown UIInterfaceOrientationLandscapeLeft UIInterfaceOrientationLandscapeRight";
				INFOPLIST_KEY_UISupportedInterfaceOrientations_iPhone = "UIInterfaceOrientationPortrait UIInterfaceOrientationLandscapeLeft UIInterfaceOrientationLandscapeRight";
				LD_RUNPATH_SEARCH_PATHS = (
					"$(inherited)",
					"@executable_path/Frameworks",
				);
				MARKETING_VERSION = 1.0;
				PRODUCT_BUNDLE_IDENTIFIER = com.sangnam.SeSAC3UnsplashProject;
				PRODUCT_NAME = "$(TARGET_NAME)";
				SWIFT_EMIT_LOC_STRINGS = YES;
				SWIFT_VERSION = 5.0;
				TARGETED_DEVICE_FAMILY = "1,2";
			};
			name = Debug;
		};
		D63FA40E2AAE993100871FDE /* Release */ = {
			isa = XCBuildConfiguration;
			buildSettings = {
				ASSETCATALOG_COMPILER_APPICON_NAME = AppIcon;
				ASSETCATALOG_COMPILER_GLOBAL_ACCENT_COLOR_NAME = AccentColor;
				CODE_SIGN_STYLE = Automatic;
				CURRENT_PROJECT_VERSION = 1;
				DEVELOPMENT_TEAM = Y7C6A3W353;
				GENERATE_INFOPLIST_FILE = YES;
				INFOPLIST_FILE = SeSAC3UnsplashProject/Info.plist;
				INFOPLIST_KEY_UIApplicationSupportsIndirectInputEvents = YES;
				INFOPLIST_KEY_UILaunchStoryboardName = LaunchScreen;
				INFOPLIST_KEY_UIMainStoryboardFile = Main;
				INFOPLIST_KEY_UISupportedInterfaceOrientations_iPad = "UIInterfaceOrientationPortrait UIInterfaceOrientationPortraitUpsideDown UIInterfaceOrientationLandscapeLeft UIInterfaceOrientationLandscapeRight";
				INFOPLIST_KEY_UISupportedInterfaceOrientations_iPhone = "UIInterfaceOrientationPortrait UIInterfaceOrientationLandscapeLeft UIInterfaceOrientationLandscapeRight";
				LD_RUNPATH_SEARCH_PATHS = (
					"$(inherited)",
					"@executable_path/Frameworks",
				);
				MARKETING_VERSION = 1.0;
				PRODUCT_BUNDLE_IDENTIFIER = com.sangnam.SeSAC3UnsplashProject;
				PRODUCT_NAME = "$(TARGET_NAME)";
				SWIFT_EMIT_LOC_STRINGS = YES;
				SWIFT_VERSION = 5.0;
				TARGETED_DEVICE_FAMILY = "1,2";
			};
			name = Release;
		};
/* End XCBuildConfiguration section */

/* Begin XCConfigurationList section */
		D63FA3F32AAE992F00871FDE /* Build configuration list for PBXProject "SeSAC3UnsplashProject" */ = {
			isa = XCConfigurationList;
			buildConfigurations = (
				D63FA40A2AAE993100871FDE /* Debug */,
				D63FA40B2AAE993100871FDE /* Release */,
			);
			defaultConfigurationIsVisible = 0;
			defaultConfigurationName = Release;
		};
		D63FA40C2AAE993100871FDE /* Build configuration list for PBXNativeTarget "SeSAC3UnsplashProject" */ = {
			isa = XCConfigurationList;
			buildConfigurations = (
				D63FA40D2AAE993100871FDE /* Debug */,
				D63FA40E2AAE993100871FDE /* Release */,
			);
			defaultConfigurationIsVisible = 0;
			defaultConfigurationName = Release;
		};
/* End XCConfigurationList section */

/* Begin XCRemoteSwiftPackageReference section */
		D6A25E962AB32C8C00FB8FFE /* XCRemoteSwiftPackageReference "realm-swift" */ = {
			isa = XCRemoteSwiftPackageReference;
			repositoryURL = "https://github.com/realm/realm-swift.git";
			requirement = {
				branch = master;
				kind = branch;
			};
		};
		D6A25E9B2AB32EB500FB8FFE /* XCRemoteSwiftPackageReference "Kingfisher" */ = {
			isa = XCRemoteSwiftPackageReference;
			repositoryURL = "https://github.com/onevcat/Kingfisher.git";
			requirement = {
				kind = upToNextMajorVersion;
				minimumVersion = 7.0.0;
			};
		};
		D6ACF2802AB0A3D100079CDA /* XCRemoteSwiftPackageReference "SnapKit" */ = {
			isa = XCRemoteSwiftPackageReference;
			repositoryURL = "https://github.com/SnapKit/SnapKit.git";
			requirement = {
				kind = upToNextMajorVersion;
				minimumVersion = 5.0.0;
			};
		};
/* End XCRemoteSwiftPackageReference section */

/* Begin XCSwiftPackageProductDependency section */
		D6A25E972AB32C8C00FB8FFE /* Realm */ = {
			isa = XCSwiftPackageProductDependency;
			package = D6A25E962AB32C8C00FB8FFE /* XCRemoteSwiftPackageReference "realm-swift" */;
			productName = Realm;
		};
		D6A25E992AB32C8C00FB8FFE /* RealmSwift */ = {
			isa = XCSwiftPackageProductDependency;
			package = D6A25E962AB32C8C00FB8FFE /* XCRemoteSwiftPackageReference "realm-swift" */;
			productName = RealmSwift;
		};
		D6A25E9C2AB32EB500FB8FFE /* Kingfisher */ = {
			isa = XCSwiftPackageProductDependency;
			package = D6A25E9B2AB32EB500FB8FFE /* XCRemoteSwiftPackageReference "Kingfisher" */;
			productName = Kingfisher;
		};
		D6ACF2812AB0A3D100079CDA /* SnapKit */ = {
			isa = XCSwiftPackageProductDependency;
			package = D6ACF2802AB0A3D100079CDA /* XCRemoteSwiftPackageReference "SnapKit" */;
			productName = SnapKit;
		};
/* End XCSwiftPackageProductDependency section */
	};
	rootObject = D63FA3F02AAE992F00871FDE /* Project object */;
}
